<?xml version="1.0" encoding="utf-8"?>
<Project ToolsVersion="17.0" xmlns="http://schemas.microsoft.com/developer/msbuild/2003">
  <ItemGroup>
    <CustomBuild Include="C:\local\curl-master\CMakeFiles\5f51de326c3462dfdd4bdbf84663e0a0\INSTALL_force.rule">
      <Filter>CMake Rules</Filter>
    </CustomBuild>
  </ItemGroup>
  <ItemGroup>
    <Filter Include="CMake Rules">
      <UniqueIdentifier>{C204ABF1-791F-3996-88D6-586EFE95C6E8}</UniqueIdentifier>
    </Filter>
  </ItemGroup>
</Project>
